
Microsoft Visual Studio Solution File, Format Version 12.00
# Visual Studio 15
VisualStudioVersion = 15.0.27130.2027
MinimumVisualStudioVersion = 10.0.40219.1
Project("{FAE04EC0-301F-11D3-BF4B-00C04F79EFBC}") = "CheeseMVC", "CheeseMVC\CheeseMVC.csproj", "{E66FE8D0-247C-4C42-88EE-1DE5B0439E26}"
EndProject
Global
	GlobalSection(SolutionConfigurationPlatforms) = preSolution
		Debug|Any CPU = Debug|Any CPU
		Release|Any CPU = Release|Any CPU
	EndGlobalSection
	GlobalSection(ProjectConfigurationPlatforms) = postSolution
		{E66FE8D0-247C-4C42-88EE-1DE5B0439E26}.Debug|Any CPU.ActiveCfg = Debug|Any CPU
		{E66FE8D0-247C-4C42-88EE-1DE5B0439E26}.Debug|Any CPU.Build.0 = Debug|Any CPU
		{E66FE8D0-247C-4C42-88EE-1DE5B0439E26}.Release|Any CPU.ActiveCfg = Release|Any CPU
		{E66FE8D0-247C-4C42-88EE-1DE5B0439E26}.Release|Any CPU.Build.0 = Release|Any CPU
	EndGlobalSection
	GlobalSection(SolutionProperties) = preSolution
		HideSolutionNode = FALSE
	EndGlobalSection
	GlobalSection(ExtensibilityGlobals) = postSolution
		SolutionGuid = {187F9772-4EE4-41F4-95F9-F9F0455D87FB}
	EndGlobalSection
EndGlobal
